// !$*UTF8*$!
{
	archiveVersion = 1;
	classes = {
	};
	objectVersion = 50;
	objects = {

/* Begin PBXBuildFile section */
		35DECB9326A9DC7100D8FD22 /* RamniUiKitApp.swift in Sources */ = {isa = PBXBuildFile; fileRef = 35DECB9226A9DC7100D8FD22 /* RamniUiKitApp.swift */; };
		35DECB9526A9DC7100D8FD22 /* ContentView.swift in Sources */ = {isa = PBXBuildFile; fileRef = 35DECB9426A9DC7100D8FD22 /* ContentView.swift */; };
		35DECB9726A9DC7300D8FD22 /* Assets.xcassets in Resources */ = {isa = PBXBuildFile; fileRef = 35DECB9626A9DC7300D8FD22 /* Assets.xcassets */; };
		35DECB9A26A9DC7300D8FD22 /* Preview Assets.xcassets in Resources */ = {isa = PBXBuildFile; fileRef = 35DECB9926A9DC7300D8FD22 /* Preview Assets.xcassets */; };
		35DECBA326A9DEDA00D8FD22 /* loginView.swift in Sources */ = {isa = PBXBuildFile; fileRef = 35DECBA226A9DEDA00D8FD22 /* loginView.swift */; };
		35DECBA526A9E64100D8FD22 /* sigInView.swift in Sources */ = {isa = PBXBuildFile; fileRef = 35DECBA426A9E64100D8FD22 /* sigInView.swift */; };
		35DECBA726A9E95800D8FD22 /* confirmationView.swift in Sources */ = {isa = PBXBuildFile; fileRef = 35DECBA626A9E95800D8FD22 /* confirmationView.swift */; };
		35DECBA926A9F68600D8FD22 /* welcomeView.swift in Sources */ = {isa = PBXBuildFile; fileRef = 35DECBA826A9F68600D8FD22 /* welcomeView.swift */; };
		35DECBAD26AAF98600D8FD22 /* productView.swift in Sources */ = {isa = PBXBuildFile; fileRef = 35DECBAC26AAF98600D8FD22 /* productView.swift */; };
		35DECBAF26AB08A400D8FD22 /* celulaProductView.swift in Sources */ = {isa = PBXBuildFile; fileRef = 35DECBAE26AB08A400D8FD22 /* celulaProductView.swift */; };
		35DECBB426AB397C00D8FD22 /* formularyView.swift in Sources */ = {isa = PBXBuildFile; fileRef = 35DECBB326AB397C00D8FD22 /* formularyView.swift */; };
/* End PBXBuildFile section */

/* Begin PBXFileReference section */
		35DECB8F26A9DC7100D8FD22 /* RamniUiKit.app */ = {isa = PBXFileReference; explicitFileType = wrapper.application; includeInIndex = 0; path = RamniUiKit.app; sourceTree = BUILT_PRODUCTS_DIR; };
		35DECB9226A9DC7100D8FD22 /* RamniUiKitApp.swift */ = {isa = PBXFileReference; lastKnownFileType = sourcecode.swift; path = RamniUiKitApp.swift; sourceTree = "<group>"; };
		35DECB9426A9DC7100D8FD22 /* ContentView.swift */ = {isa = PBXFileReference; lastKnownFileType = sourcecode.swift; path = ContentView.swift; sourceTree = "<group>"; };
		35DECB9626A9DC7300D8FD22 /* Assets.xcassets */ = {isa = PBXFileReference; lastKnownFileType = folder.assetcatalog; path = Assets.xcassets; sourceTree = "<group>"; };
		35DECB9926A9DC7300D8FD22 /* Preview Assets.xcassets */ = {isa = PBXFileReference; lastKnownFileType = folder.assetcatalog; path = "Preview Assets.xcassets"; sourceTree = "<group>"; };
		35DECB9B26A9DC7300D8FD22 /* Info.plist */ = {isa = PBXFileReference; lastKnownFileType = text.plist.xml; path = Info.plist; sourceTree = "<group>"; };
		35DECBA226A9DEDA00D8FD22 /* loginView.swift */ = {isa = PBXFileReference; lastKnownFileType = sourcecode.swift; path = loginView.swift; sourceTree = "<group>"; };
		35DECBA426A9E64100D8FD22 /* sigInView.swift */ = {isa = PBXFileReference; lastKnownFileType = sourcecode.swift; path = sigInView.swift; sourceTree = "<group>"; usesTabs = 0; wrapsLines = 1; };
		35DECBA626A9E95800D8FD22 /* confirmationView.swift */ = {isa = PBXFileReference; lastKnownFileType = sourcecode.swift; path = confirmationView.swift; sourceTree = "<group>"; };
		35DECBA826A9F68600D8FD22 /* welcomeView.swift */ = {isa = PBXFileReference; lastKnownFileType = sourcecode.swift; path = welcomeView.swift; sourceTree = "<group>"; };
		35DECBAC26AAF98600D8FD22 /* productView.swift */ = {isa = PBXFileReference; lastKnownFileType = sourcecode.swift; path = productView.swift; sourceTree = "<group>"; };
		35DECBAE26AB08A400D8FD22 /* celulaProductView.swift */ = {isa = PBXFileReference; lastKnownFileType = sourcecode.swift; path = celulaProductView.swift; sourceTree = "<group>"; };
		35DECBB326AB397C00D8FD22 /* formularyView.swift */ = {isa = PBXFileReference; lastKnownFileType = sourcecode.swift; path = formularyView.swift; sourceTree = "<group>"; };
/* End PBXFileReference section */

/* Begin PBXFrameworksBuildPhase section */
		35DECB8C26A9DC7100D8FD22 /* Frameworks */ = {
			isa = PBXFrameworksBuildPhase;
			buildActionMask = 2147483647;
			files = (
			);
			runOnlyForDeploymentPostprocessing = 0;
		};
/* End PBXFrameworksBuildPhase section */

/* Begin PBXGroup section */
		35DECB8626A9DC7100D8FD22 = {
			isa = PBXGroup;
			children = (
				35DECB9126A9DC7100D8FD22 /* RamniUiKit */,
				35DECB9026A9DC7100D8FD22 /* Products */,
			);
			sourceTree = "<group>";
		};
		35DECB9026A9DC7100D8FD22 /* Products */ = {
			isa = PBXGroup;
			children = (
				35DECB8F26A9DC7100D8FD22 /* RamniUiKit.app */,
			);
			name = Products;
			sourceTree = "<group>";
		};
		35DECB9126A9DC7100D8FD22 /* RamniUiKit */ = {
			isa = PBXGroup;
			children = (
				35DECB9226A9DC7100D8FD22 /* RamniUiKitApp.swift */,
				35DECB9426A9DC7100D8FD22 /* ContentView.swift */,
				35DECB9626A9DC7300D8FD22 /* Assets.xcassets */,
				35DECBA126A9DEB000D8FD22 /* Views */,
				35DECB9B26A9DC7300D8FD22 /* Info.plist */,
				35DECB9826A9DC7300D8FD22 /* Preview Content */,
			);
			path = RamniUiKit;
			sourceTree = "<group>";
		};
		35DECB9826A9DC7300D8FD22 /* Preview Content */ = {
			isa = PBXGroup;
			children = (
				35DECB9926A9DC7300D8FD22 /* Preview Assets.xcassets */,
			);
			path = "Preview Content";
			sourceTree = "<group>";
		};
		35DECBA126A9DEB000D8FD22 /* Views */ = {
			isa = PBXGroup;
			children = (
				35DECBAB26AAF93A00D8FD22 /* LoginViews */,
				35DECBAA26AAF91C00D8FD22 /* ProductsView */,
				35DECBB226AB396400D8FD22 /* Formulary */,
			);
			path = Views;
			sourceTree = "<group>";
		};
		35DECBAA26AAF91C00D8FD22 /* ProductsView */ = {
			isa = PBXGroup;
			children = (
				35DECBAC26AAF98600D8FD22 /* productView.swift */,
				35DECBAE26AB08A400D8FD22 /* celulaProductView.swift */,
			);
			path = ProductsView;
			sourceTree = "<group>";
		};
		35DECBAB26AAF93A00D8FD22 /* LoginViews */ = {
			isa = PBXGroup;
			children = (
				35DECBA226A9DEDA00D8FD22 /* loginView.swift */,
				35DECBA426A9E64100D8FD22 /* sigInView.swift */,
				35DECBA626A9E95800D8FD22 /* confirmationView.swift */,
				35DECBA826A9F68600D8FD22 /* welcomeView.swift */,
			);
			path = LoginViews;
			sourceTree = "<group>";
		};
		35DECBB226AB396400D8FD22 /* Formulary */ = {
			isa = PBXGroup;
			children = (
				35DECBB326AB397C00D8FD22 /* formularyView.swift */,
			);
			path = Formulary;
			sourceTree = "<group>";
		};
/* End PBXGroup section */

/* Begin PBXNativeTarget section */
		35DECB8E26A9DC7100D8FD22 /* RamniUiKit */ = {
			isa = PBXNativeTarget;
			buildConfigurationList = 35DECB9E26A9DC7300D8FD22 /* Build configuration list for PBXNativeTarget "RamniUiKit" */;
			buildPhases = (
				35DECB8B26A9DC7100D8FD22 /* Sources */,
				35DECB8C26A9DC7100D8FD22 /* Frameworks */,
				35DECB8D26A9DC7100D8FD22 /* Resources */,
			);
			buildRules = (
			);
			dependencies = (
			);
			name = RamniUiKit;
			productName = RamniUiKit;
			productReference = 35DECB8F26A9DC7100D8FD22 /* RamniUiKit.app */;
			productType = "com.apple.product-type.application";
		};
/* End PBXNativeTarget section */

/* Begin PBXProject section */
		35DECB8726A9DC7100D8FD22 /* Project object */ = {
			isa = PBXProject;
			attributes = {
				LastSwiftUpdateCheck = 1250;
				LastUpgradeCheck = 1250;
				TargetAttributes = {
					35DECB8E26A9DC7100D8FD22 = {
						CreatedOnToolsVersion = 12.5.1;
					};
				};
			};
			buildConfigurationList = 35DECB8A26A9DC7100D8FD22 /* Build configuration list for PBXProject "RamniUiKit" */;
			compatibilityVersion = "Xcode 9.3";
			developmentRegion = en;
			hasScannedForEncodings = 0;
			knownRegions = (
				en,
				Base,
			);
			mainGroup = 35DECB8626A9DC7100D8FD22;
			productRefGroup = 35DECB9026A9DC7100D8FD22 /* Products */;
			projectDirPath = "";
			projectRoot = "";
			targets = (
				35DECB8E26A9DC7100D8FD22 /* RamniUiKit */,
			);
		};
/* End PBXProject section */

/* Begin PBXResourcesBuildPhase section */
		35DECB8D26A9DC7100D8FD22 /* Resources */ = {
			isa = PBXResourcesBuildPhase;
			buildActionMask = 2147483647;
			files = (
				35DECB9A26A9DC7300D8FD22 /* Preview Assets.xcassets in Resources */,
				35DECB9726A9DC7300D8FD22 /* Assets.xcassets in Resources */,
			);
			runOnlyForDeploymentPostprocessing = 0;
		};
/* End PBXResourcesBuildPhase section */

/* Begin PBXSourcesBuildPhase section */
		35DECB8B26A9DC7100D8FD22 /* Sources */ = {
			isa = PBXSourcesBuildPhase;
			buildActionMask = 2147483647;
			files = (
				35DECBA326A9DEDA00D8FD22 /* loginView.swift in Sources */,
				35DECB9526A9DC7100D8FD22 /* ContentView.swift in Sources */,
				35DECB9326A9DC7100D8FD22 /* RamniUiKitApp.swift in Sources */,
				35DECBA526A9E64100D8FD22 /* sigInView.swift in Sources */,
				35DECBB426AB397C00D8FD22 /* formularyView.swift in Sources */,
				35DECBAF26AB08A400D8FD22 /* celulaProductView.swift in Sources */,
				35DECBA726A9E95800D8FD22 /* confirmationView.swift in Sources */,
				35DECBA926A9F68600D8FD22 /* welcomeView.swift in Sources */,
				35DECBAD26AAF98600D8FD22 /* productView.swift in Sources */,
			);
			runOnlyForDeploymentPostprocessing = 0;
		};
/* End PBXSourcesBuildPhase section */

/* Begin XCBuildConfiguration section */
		35DECB9C26A9DC7300D8FD22 /* Debug */ = {
			isa = XCBuildConfiguration;
			buildSettings = {
				ALWAYS_SEARCH_USER_PATHS = NO;
				CLANG_ANALYZER_NONNULL = YES;
				CLANG_ANALYZER_NUMBER_OBJECT_CONVERSION = YES_AGGRESSIVE;
				CLANG_CXX_LANGUAGE_STANDARD = "gnu++14";
				CLANG_CXX_LIBRARY = "libc++";
				CLANG_ENABLE_MODULES = YES;
				CLANG_ENABLE_OBJC_ARC = YES;
				CLANG_ENABLE_OBJC_WEAK = YES;
				CLANG_WARN_BLOCK_CAPTURE_AUTORELEASING = YES;
				CLANG_WARN_BOOL_CONVERSION = YES;
				CLANG_WARN_COMMA = YES;
				CLANG_WARN_CONSTANT_CONVERSION = YES;
				CLANG_WARN_DEPRECATED_OBJC_IMPLEMENTATIONS = YES;
				CLANG_WARN_DIRECT_OBJC_ISA_USAGE = YES_ERROR;
				CLANG_WARN_DOCUMENTATION_COMMENTS = YES;
				CLANG_WARN_EMPTY_BODY = YES;
				CLANG_WARN_ENUM_CONVERSION = YES;
				CLANG_WARN_INFINITE_RECURSION = YES;
				CLANG_WARN_INT_CONVERSION = YES;
				CLANG_WARN_NON_LITERAL_NULL_CONVERSION = YES;
				CLANG_WARN_OBJC_IMPLICIT_RETAIN_SELF = YES;
				CLANG_WARN_OBJC_LITERAL_CONVERSION = YES;
				CLANG_WARN_OBJC_ROOT_CLASS = YES_ERROR;
				CLANG_WARN_QUOTED_INCLUDE_IN_FRAMEWORK_HEADER = YES;
				CLANG_WARN_RANGE_LOOP_ANALYSIS = YES;
				CLANG_WARN_STRICT_PROTOTYPES = YES;
				CLANG_WARN_SUSPICIOUS_MOVE = YES;
				CLANG_WARN_UNGUARDED_AVAILABILITY = YES_AGGRESSIVE;
				CLANG_WARN_UNREACHABLE_CODE = YES;
				CLANG_WARN__DUPLICATE_METHOD_MATCH = YES;
				COPY_PHASE_STRIP = NO;
				DEBUG_INFORMATION_FORMAT = dwarf;
				ENABLE_STRICT_OBJC_MSGSEND = YES;
				ENABLE_TESTABILITY = YES;
				GCC_C_LANGUAGE_STANDARD = gnu11;
				GCC_DYNAMIC_NO_PIC = NO;
				GCC_NO_COMMON_BLOCKS = YES;
				GCC_OPTIMIZATION_LEVEL = 0;
				GCC_PREPROCESSOR_DEFINITIONS = (
					"DEBUG=1",
					"$(inherited)",
				);
				GCC_WARN_64_TO_32_BIT_CONVERSION = YES;
				GCC_WARN_ABOUT_RETURN_TYPE = YES_ERROR;
				GCC_WARN_UNDECLARED_SELECTOR = YES;
				GCC_WARN_UNINITIALIZED_AUTOS = YES_AGGRESSIVE;
				GCC_WARN_UNUSED_FUNCTION = YES;
				GCC_WARN_UNUSED_VARIABLE = YES;
				IPHONEOS_DEPLOYMENT_TARGET = 14.5;
				MTL_ENABLE_DEBUG_INFO = INCLUDE_SOURCE;
				MTL_FAST_MATH = YES;
				ONLY_ACTIVE_ARCH = YES;
				SDKROOT = iphoneos;
				SWIFT_ACTIVE_COMPILATION_CONDITIONS = DEBUG;
				SWIFT_OPTIMIZATION_LEVEL = "-Onone";
			};
			name = Debug;
		};
		35DECB9D26A9DC7300D8FD22 /* Release */ = {
			isa = XCBuildConfiguration;
			buildSettings = {
				ALWAYS_SEARCH_USER_PATHS = NO;
				CLANG_ANALYZER_NONNULL = YES;
				CLANG_ANALYZER_NUMBER_OBJECT_CONVERSION = YES_AGGRESSIVE;
				CLANG_CXX_LANGUAGE_STANDARD = "gnu++14";
				CLANG_CXX_LIBRARY = "libc++";
				CLANG_ENABLE_MODULES = YES;
				CLANG_ENABLE_OBJC_ARC = YES;
				CLANG_ENABLE_OBJC_WEAK = YES;
				CLANG_WARN_BLOCK_CAPTURE_AUTORELEASING = YES;
				CLANG_WARN_BOOL_CONVERSION = YES;
				CLANG_WARN_COMMA = YES;
				CLANG_WARN_CONSTANT_CONVERSION = YES;
				CLANG_WARN_DEPRECATED_OBJC_IMPLEMENTATIONS = YES;
				CLANG_WARN_DIRECT_OBJC_ISA_USAGE = YES_ERROR;
				CLANG_WARN_DOCUMENTATION_COMMENTS = YES;
				CLANG_WARN_EMPTY_BODY = YES;
				CLANG_WARN_ENUM_CONVERSION = YES;
				CLANG_WARN_INFINITE_RECURSION = YES;
				CLANG_WARN_INT_CONVERSION = YES;
				CLANG_WARN_NON_LITERAL_NULL_CONVERSION = YES;
				CLANG_WARN_OBJC_IMPLICIT_RETAIN_SELF = YES;
				CLANG_WARN_OBJC_LITERAL_CONVERSION = YES;
				CLANG_WARN_OBJC_ROOT_CLASS = YES_ERROR;
				CLANG_WARN_QUOTED_INCLUDE_IN_FRAMEWORK_HEADER = YES;
				CLANG_WARN_RANGE_LOOP_ANALYSIS = YES;
				CLANG_WARN_STRICT_PROTOTYPES = YES;
				CLANG_WARN_SUSPICIOUS_MOVE = YES;
				CLANG_WARN_UNGUARDED_AVAILABILITY = YES_AGGRESSIVE;
				CLANG_WARN_UNREACHABLE_CODE = YES;
				CLANG_WARN__DUPLICATE_METHOD_MATCH = YES;
				COPY_PHASE_STRIP = NO;
				DEBUG_INFORMATION_FORMAT = "dwarf-with-dsym";
				ENABLE_NS_ASSERTIONS = NO;
				ENABLE_STRICT_OBJC_MSGSEND = YES;
				GCC_C_LANGUAGE_STANDARD = gnu11;
				GCC_NO_COMMON_BLOCKS = YES;
				GCC_WARN_64_TO_32_BIT_CONVERSION = YES;
				GCC_WARN_ABOUT_RETURN_TYPE = YES_ERROR;
				GCC_WARN_UNDECLARED_SELECTOR = YES;
				GCC_WARN_UNINITIALIZED_AUTOS = YES_AGGRESSIVE;
				GCC_WARN_UNUSED_FUNCTION = YES;
				GCC_WARN_UNUSED_VARIABLE = YES;
				IPHONEOS_DEPLOYMENT_TARGET = 14.5;
				MTL_ENABLE_DEBUG_INFO = NO;
				MTL_FAST_MATH = YES;
				SDKROOT = iphoneos;
				SWIFT_COMPILATION_MODE = wholemodule;
				SWIFT_OPTIMIZATION_LEVEL = "-O";
				VALIDATE_PRODUCT = YES;
			};
			name = Release;
		};
		35DECB9F26A9DC7300D8FD22 /* Debug */ = {
			isa = XCBuildConfiguration;
			buildSettings = {
				ASSETCATALOG_COMPILER_APPICON_NAME = AppIcon;
				ASSETCATALOG_COMPILER_GLOBAL_ACCENT_COLOR_NAME = AccentColor;
				CODE_SIGN_STYLE = Automatic;
				DEVELOPMENT_ASSET_PATHS = "\"RamniUiKit/Preview Content\"";
				ENABLE_PREVIEWS = YES;
				INFOPLIST_FILE = RamniUiKit/Info.plist;
				IPHONEOS_DEPLOYMENT_TARGET = 14.0;
				LD_RUNPATH_SEARCH_PATHS = (
					"$(inherited)",
					"@executable_path/Frameworks",
				);
				PRODUCT_BUNDLE_IDENTIFIER = d.lazanha.RamniUiKit;
				PRODUCT_NAME = "$(TARGET_NAME)";
				SWIFT_VERSION = 5.0;
				TARGETED_DEVICE_FAMILY = "1,2";
			};
			name = Debug;
		};
		35DECBA026A9DC7300D8FD22 /* Release */ = {
			isa = XCBuildConfiguration;
			buildSettings = {
				ASSETCATALOG_COMPILER_APPICON_NAME = AppIcon;
				ASSETCATALOG_COMPILER_GLOBAL_ACCENT_COLOR_NAME = AccentColor;
				CODE_SIGN_STYLE = Automatic;
				DEVELOPMENT_ASSET_PATHS = "\"RamniUiKit/Preview Content\"";
				ENABLE_PREVIEWS = YES;
				INFOPLIST_FILE = RamniUiKit/Info.plist;
				IPHONEOS_DEPLOYMENT_TARGET = 14.0;
				LD_RUNPATH_SEARCH_PATHS = (
					"$(inherited)",
					"@executable_path/Frameworks",
				);
				PRODUCT_BUNDLE_IDENTIFIER = d.lazanha.RamniUiKit;
				PRODUCT_NAME = "$(TARGET_NAME)";
				SWIFT_VERSION = 5.0;
				TARGETED_DEVICE_FAMILY = "1,2";
			};
			name = Release;
		};
/* End XCBuildConfiguration section */

/* Begin XCConfigurationList section */
		35DECB8A26A9DC7100D8FD22 /* Build configuration list for PBXProject "RamniUiKit" */ = {
			isa = XCConfigurationList;
			buildConfigurations = (
				35DECB9C26A9DC7300D8FD22 /* Debug */,
				35DECB9D26A9DC7300D8FD22 /* Release */,
			);
			defaultConfigurationIsVisible = 0;
			defaultConfigurationName = Release;
		};
		35DECB9E26A9DC7300D8FD22 /* Build configuration list for PBXNativeTarget "RamniUiKit" */ = {
			isa = XCConfigurationList;
			buildConfigurations = (
				35DECB9F26A9DC7300D8FD22 /* Debug */,
				35DECBA026A9DC7300D8FD22 /* Release */,
			);
			defaultConfigurationIsVisible = 0;
			defaultConfigurationName = Release;
		};
/* End XCConfigurationList section */
	};
	rootObject = 35DECB8726A9DC7100D8FD22 /* Project object */;
}
